// !$*UTF8*$!
{
	archiveVersion = 1;
	classes = {
	};
	objectVersion = 77;
	objects = {

/* Begin PBXBuildFile section */
		00135E13676B45245A21384B /* HapticsTests.swift in Sources */ = {isa = PBXBuildFile; fileRef = 844E3E1E3C20D786223C0437 /* HapticsTests.swift */; };
		014AF6A25CFEEA9C10AADABE /* ghostty-vt.xcframework in Frameworks */ = {isa = PBXBuildFile; fileRef = 538AD64D5457BA0737EC2697 /* ghostty-vt.xcframework */; };
		022A861D6D106BA05A151167 /* VTRenderState.swift in Sources */ = {isa = PBXBuildFile; fileRef = 2B276587B11327404DA59912 /* VTRenderState.swift */; };
		02C998DBA24B5D1DBADF6142 /* SSHConnectionTester.swift in Sources */ = {isa = PBXBuildFile; fileRef = 95FD17BD9B3A57922E88F78E /* SSHConnectionTester.swift */; };
		09206FBCDCFB709AE05C9CF0 /* SSHMACAlgorithm.swift in Sources */ = {isa = PBXBuildFile; fileRef = 535656E1A9B286FF154BF005 /* SSHMACAlgorithm.swift */; };
		0C8D72A30E7460B29564B24C /* InMemoryKeychain.swift in Sources */ = {isa = PBXBuildFile; fileRef = E729ACAB772481F82AF015B3 /* InMemoryKeychain.swift */; };
		0D1F4DCCEF5C5F6E3F9C37E9 /* SelectionHelper.swift in Sources */ = {isa = PBXBuildFile; fileRef = DA3EC1945D26D3EF8FD03A6E /* SelectionHelper.swift */; };
		1016F397D5821C77F7A5DA5E /* OnePasswordConnectProvider.swift in Sources */ = {isa = PBXBuildFile; fileRef = 065EAD9A4176C1CF0B39BAF6 /* OnePasswordConnectProvider.swift */; };
		16584A4F60623B7F0F287FE1 /* ConsoleTransport.swift in Sources */ = {isa = PBXBuildFile; fileRef = D6E8D53541385D7D4B107BCA /* ConsoleTransport.swift */; };
		165E7EA2CB286643715227E8 /* BitwardenCrypto.swift in Sources */ = {isa = PBXBuildFile; fileRef = 6D762D12F976818FEFF575D2 /* BitwardenCrypto.swift */; };
		17887CDA104BCD946525A6F0 /* TerminalFontSet.swift in Sources */ = {isa = PBXBuildFile; fileRef = 3342742F7807A1EA5E4DD8FF /* TerminalFontSet.swift */; };
		17C2CF5E80D11C08533293EE /* TerminalSession.swift in Sources */ = {isa = PBXBuildFile; fileRef = 29D6614287AAF055606BE959 /* TerminalSession.swift */; };
		1B6FCB18ED8A5295AF8E5CC2 /* SyncSettingsView.swift in Sources */ = {isa = PBXBuildFile; fileRef = BD3CF1E889400986F417FCF8 /* SyncSettingsView.swift */; };
		1D31246727D57911227ED9B3 /* AESCounterMode.swift in Sources */ = {isa = PBXBuildFile; fileRef = A9EAB11BAB8313F7C282F12B /* AESCounterMode.swift */; };
		23ED07961C99C16D528F6A41 /* VTTypes.swift in Sources */ = {isa = PBXBuildFile; fileRef = F5D8B79EAEF921EC0343A279 /* VTTypes.swift */; };
		24FD95C990FC01750C202663 /* SSHTypes.swift in Sources */ = {isa = PBXBuildFile; fileRef = 1179FD24C6B4643BFD4F481E /* SSHTypes.swift */; };
		28EE7EE8CD41B7CC8B7BC307 /* SSHTransport.swift in Sources */ = {isa = PBXBuildFile; fileRef = F75F698F66D5122110A55006 /* SSHTransport.swift */; };
		2A43527FB4EB9D246553BE77 /* HIDKeyMap.swift in Sources */ = {isa = PBXBuildFile; fileRef = 66D867B9A082778AC40D65E9 /* HIDKeyMap.swift */; };
		2B7CD468D9B9A00AA950A095 /* TerminalTransport.swift in Sources */ = {isa = PBXBuildFile; fileRef = 40AB8770A8FB966C6EF15EA3 /* TerminalTransport.swift */; };
		2CF5561CC5D49F8BD6DE5285 /* EncryptedBundle.swift in Sources */ = {isa = PBXBuildFile; fileRef = 488B3B502B944742D3F08D8A /* EncryptedBundle.swift */; };
		2E2FCA21CD7408B9BB9FE70A /* NIOPosix in Frameworks */ = {isa = PBXBuildFile; productRef = 8A22F09C3D4ABB3FD929EFDD /* NIOPosix */; };
		33F487111CEB01B72433E6E6 /* DER.swift in Sources */ = {isa = PBXBuildFile; fileRef = ED1C35C885CE020F6F2B52B5 /* DER.swift */; };
		37EFCC88D6698964C8708CF4 /* SSHTransportProtectionCatalog.swift in Sources */ = {isa = PBXBuildFile; fileRef = 40334953093E466B7E92D05B /* SSHTransportProtectionCatalog.swift */; };
		39271FA07AB5C663141ABF01 /* Haptics.swift in Sources */ = {isa = PBXBuildFile; fileRef = 0A0AC9C8EB3A5C059BBE77FA /* Haptics.swift */; };
		3D99F576096E91D0C51A02C8 /* RSAKey.swift in Sources */ = {isa = PBXBuildFile; fileRef = A8AA6934FE3005604FEDE207 /* RSAKey.swift */; };
		3DA91A91EF69472B05AEE544 /* VTTerminal.swift in Sources */ = {isa = PBXBuildFile; fileRef = 6E682E485CF4CA24E1967F60 /* VTTerminal.swift */; };
		423662C2D9DC9D28DF3704FA /* OpenSSHKeyFile.swift in Sources */ = {isa = PBXBuildFile; fileRef = 583526C7E840C9E7D8A23A36 /* OpenSSHKeyFile.swift */; };
		43199F560027D78F00782D1D /* HostKeyVerification.swift in Sources */ = {isa = PBXBuildFile; fileRef = 3C7B3832872F3C4061BB75FD /* HostKeyVerification.swift */; };
		49EC1C95E04BE764AD74532D /* SSHConnectionCoordinator.swift in Sources */ = {isa = PBXBuildFile; fileRef = 47769CF738B47F3AA521A5F2 /* SSHConnectionCoordinator.swift */; };
		54B6FB5B0F01AFE678BC0C5F /* BitwardenTests.swift in Sources */ = {isa = PBXBuildFile; fileRef = D85F3762D6CAFD10F9C9DBB3 /* BitwardenTests.swift */; };
		55712DC4F73FE637E0930F71 /* IdentitiesView.swift in Sources */ = {isa = PBXBuildFile; fileRef = AB5BF10E6F3BDA93DBB4121D /* IdentitiesView.swift */; };
		5FE460E6E817495A035D12C1 /* OpenSSHWire.swift in Sources */ = {isa = PBXBuildFile; fileRef = C9FF105D508D173D595E5252 /* OpenSSHWire.swift */; };
		644D596C1BF3D3E7A2FADDE3 /* Assets.xcassets in Resources */ = {isa = PBXBuildFile; fileRef = BED04410EA65033885E953F4 /* Assets.xcassets */; };
		6577FEC21CECD7FDE4717A28 /* ConsoleTests.swift in Sources */ = {isa = PBXBuildFile; fileRef = 65752694CAE07F72D32524A9 /* ConsoleTests.swift */; };
		6B23274A52C61BEA4315556E /* ConsoleView.swift in Sources */ = {isa = PBXBuildFile; fileRef = 9ADF9106165785EFE9E418AE /* ConsoleView.swift */; };
		6CBD1A178DB9E4A5661A1F1A /* SSHPrivateKeyMaterial.swift in Sources */ = {isa = PBXBuildFile; fileRef = 37C740F6B87F06DA23DD3BF7 /* SSHPrivateKeyMaterial.swift */; };
		6FC0BB7F603BC2F0F2DECADE /* KnownHostsView.swift in Sources */ = {isa = PBXBuildFile; fileRef = 6720F0C9A168B4E0DA5564A0 /* KnownHostsView.swift */; };
		72BC6881E275C120F1C8DA9E /* NIOSSH in Frameworks */ = {isa = PBXBuildFile; productRef = 616CA08769B5D06837838B01 /* NIOSSH */; };
		740E006C315ABEAB62AFFA7F /* GhosttyApp.swift in Sources */ = {isa = PBXBuildFile; fileRef = 9AD55BDDD4A83D4142866044 /* GhosttyApp.swift */; };
		743E7FCF73AA6FB7BDCDBBA9 /* VaultSyncEngine.swift in Sources */ = {isa = PBXBuildFile; fileRef = 766467304C922299084884FC /* VaultSyncEngine.swift */; };
		745F19DC0B84200990F6FB63 /* VTKeyEncoder.swift in Sources */ = {isa = PBXBuildFile; fileRef = 6B8E419CD3D719E3E37C5680 /* VTKeyEncoder.swift */; };
		76977A751BBF637AB93AA587 /* GhosttyVTTests.swift in Sources */ = {isa = PBXBuildFile; fileRef = D221653B3D21AF0E1C7160F3 /* GhosttyVTTests.swift */; };
		78FE4A02D707624899620D56 /* SessionsView.swift in Sources */ = {isa = PBXBuildFile; fileRef = 1ABE0D7D8F23A57499D66A80 /* SessionsView.swift */; };
		7B4DAAEB5527E793F5F1C326 /* KeyFormatFixtures.swift in Sources */ = {isa = PBXBuildFile; fileRef = 62C3064003198DB580301446 /* KeyFormatFixtures.swift */; };
		870003B218BC68B2A1135EA6 /* RootView.swift in Sources */ = {isa = PBXBuildFile; fileRef = 65C825817A9C950F489E8213 /* RootView.swift */; };
		8B0C9D4A369596AE77A209D1 /* SessionManager.swift in Sources */ = {isa = PBXBuildFile; fileRef = 05B47D8E1B049604E237AC6E /* SessionManager.swift */; };
		8B513AFF4CD63A4591E6A074 /* SSHAlgorithmSupport.swift in Sources */ = {isa = PBXBuildFile; fileRef = 8935B86FA5030AA9D9872A6D /* SSHAlgorithmSupport.swift */; };
		940B7DEEC7D24CB81EFC7BB7 /* ScreenshotSeed.swift in Sources */ = {isa = PBXBuildFile; fileRef = 05923337F24C102B8EC8A7D4 /* ScreenshotSeed.swift */; };
		9526464E9AB6303F8755E39A /* SSHServerOffer.swift in Sources */ = {isa = PBXBuildFile; fileRef = E28D91D0163EC5B7A4A9F234 /* SSHServerOffer.swift */; };
		9E3E0B163AF46B0B864F1810 /* ConnectionTestView.swift in Sources */ = {isa = PBXBuildFile; fileRef = AF9263E8517E4D5C14870C5E /* ConnectionTestView.swift */; };
		9EDB6560C4B84DEA2FBC00EB /* SSHPrivateKeyMaterial+NIOSSH.swift in Sources */ = {isa = PBXBuildFile; fileRef = 3DEC2174AD5F5D754734A039 /* SSHPrivateKeyMaterial+NIOSSH.swift */; };
		A2E22AF3B2C559AB1CFD7A87 /* SSHTransportCryptoTests.swift in Sources */ = {isa = PBXBuildFile; fileRef = 97926EF750F61AC16A4047F8 /* SSHTransportCryptoTests.swift */; };
		A34214C72DC6A24E9460959D /* KeyFormatTests.swift in Sources */ = {isa = PBXBuildFile; fileRef = CDC295024BBEF3DC82004E17 /* KeyFormatTests.swift */; };
		A3AA1FC07E5CF66D828E807F /* KeyBarView.swift in Sources */ = {isa = PBXBuildFile; fileRef = 54B837BBE69D404BB76782C4 /* KeyBarView.swift */; };
		A468C81C5DFC759388D99271 /* TerminalUIView.swift in Sources */ = {isa = PBXBuildFile; fileRef = A8B41A30096BA8FCE5FA776E /* TerminalUIView.swift */; };
		A49B641D079562D8B4C0FDFD /* SyncBundleTests.swift in Sources */ = {isa = PBXBuildFile; fileRef = 17551D804A17C5EB6AC039DF /* SyncBundleTests.swift */; };
		A5E8221EAA75484B2EF548D0 /* VaultSyncTests.swift in Sources */ = {isa = PBXBuildFile; fileRef = F84592D5659095225928F804 /* VaultSyncTests.swift */; };
		AB9966C114A821E5C36CAA64 /* HostsView.swift in Sources */ = {isa = PBXBuildFile; fileRef = A90C223F0FBD5A17486D2963 /* HostsView.swift */; };
		ABE9A325CD27300939B993FE /* NIOFoundationCompat in Frameworks */ = {isa = PBXBuildFile; productRef = 6E667D8AB0B961C192047F6A /* NIOFoundationCompat */; };
		AF99F8BF37E374A41ACACBA4 /* VaultTests.swift in Sources */ = {isa = PBXBuildFile; fileRef = E73F05362EC2672A5850E126 /* VaultTests.swift */; };
		B0F297F2F7454932E435DE7C /* BitwardenSyncProvider.swift in Sources */ = {isa = PBXBuildFile; fileRef = 074A96029E77527D386C649F /* BitwardenSyncProvider.swift */; };
		B1DAFDCE0D7878A353B5F1D7 /* ScreenshotTests.swift in Sources */ = {isa = PBXBuildFile; fileRef = 3541A9B8F28A0A76F8D116D2 /* ScreenshotTests.swift */; };
		B566B82AC0BEB6388CD1EAA3 /* ChaCha20.swift in Sources */ = {isa = PBXBuildFile; fileRef = 8071D7F2E2BF83DC509BDA75 /* ChaCha20.swift */; };
		B5BD70553966DC4FE21305C8 /* SSHTransportProtectionTests.swift in Sources */ = {isa = PBXBuildFile; fileRef = FE65A6A37BC16EEBFCEE0207 /* SSHTransportProtectionTests.swift */; };
		BAF30A367D4D58A098E60C77 /* PEMPrivateKey.swift in Sources */ = {isa = PBXBuildFile; fileRef = 140B49FD67B6B96509DC52E9 /* PEMPrivateKey.swift */; };
		BC577F6BC4CEB3D54942EBE4 /* TerminalViewRepresentable.swift in Sources */ = {isa = PBXBuildFile; fileRef = 458A7B23CA31E264E0AC27E3 /* TerminalViewRepresentable.swift */; };
		BCC6831984869176E14E21C6 /* BigUnsignedInteger.swift in Sources */ = {isa = PBXBuildFile; fileRef = 02314B7313E9777393BC741B /* BigUnsignedInteger.swift */; };
		C07BCAB237BDA32D1E9BBDC8 /* NIOCore in Frameworks */ = {isa = PBXBuildFile; productRef = F91D03135F18405A1CF37870 /* NIOCore */; };
		C52B6EDB040961A161CA4DE1 /* VTMouseEncoder.swift in Sources */ = {isa = PBXBuildFile; fileRef = 6005F3FF6767D25D2A477B7A /* VTMouseEncoder.swift */; };
		C65095CD8B3174B0A6D21BDD /* SSHKEXInitFixtures.swift in Sources */ = {isa = PBXBuildFile; fileRef = 8BA5BBF52571944CF2DFD98D /* SSHKEXInitFixtures.swift */; };
		C6B392703724F6BFC036FEE0 /* ICloudKeychainSyncProvider.swift in Sources */ = {isa = PBXBuildFile; fileRef = 4C695FF62790A308B7229F42 /* ICloudKeychainSyncProvider.swift */; };
		CB76E49C0078CDDAC95DC11A /* Crypto in Frameworks */ = {isa = PBXBuildFile; productRef = C5528575D9C6FE86EED2326B /* Crypto */; };
		CD6854F9743EFE5A6DB4CDFA /* AppSettings.swift in Sources */ = {isa = PBXBuildFile; fileRef = A5D745E1440D79C6CEF5FBD2 /* AppSettings.swift */; };
		CDD82804629EBBD9AC7DF7D7 /* KeychainStore.swift in Sources */ = {isa = PBXBuildFile; fileRef = FEEB7120B0E78C178AB1AE7D /* KeychainStore.swift */; };
		CDE6C78F4A7267C9FD53E4A5 /* SSHAlgorithmMismatch.swift in Sources */ = {isa = PBXBuildFile; fileRef = 32884445476936E18B4111E5 /* SSHAlgorithmMismatch.swift */; };
		CF87B0974F0DCC6AABB935E5 /* SSHUserAuthDelegate.swift in Sources */ = {isa = PBXBuildFile; fileRef = 6E1871737964B97B4E909D85 /* SSHUserAuthDelegate.swift */; };
		D13B1FAABFA658547964B70F /* SettingsView.swift in Sources */ = {isa = PBXBuildFile; fileRef = D483AE55374B56CF52836B07 /* SettingsView.swift */; };
		D32C5C60FF77FCE349D0E600 /* Models.swift in Sources */ = {isa = PBXBuildFile; fileRef = CEDF3F34B588905106FC122C /* Models.swift */; };
		D55A785F998116CCEBA4DD83 /* AESCTRTransportProtection.swift in Sources */ = {isa = PBXBuildFile; fileRef = ECFA6A5F52D7A682CE3C09BC /* AESCTRTransportProtection.swift */; };
		D6F4A53D1FE2FA23FB1D8D92 /* BitwardenAPIClient.swift in Sources */ = {isa = PBXBuildFile; fileRef = 4EF49330030EC86C10F97CE3 /* BitwardenAPIClient.swift */; };
		D875314E0C564F4EF6E8A492 /* KeyBarModel.swift in Sources */ = {isa = PBXBuildFile; fileRef = CC945FFBE20988683EEF57C6 /* KeyBarModel.swift */; };
		DE332A33EF64E424214F4481 /* SSHLocalServerIntegrationTests.swift in Sources */ = {isa = PBXBuildFile; fileRef = 8D2FE4BB8666107B82DC0ABB /* SSHLocalServerIntegrationTests.swift */; };
		DE3FD0568858B9E70F13EC3B /* ChaCha20Poly1305OpenSSH.swift in Sources */ = {isa = PBXBuildFile; fileRef = CC389E97664B3430165DFD71 /* ChaCha20Poly1305OpenSSH.swift */; };
		E3F877210C0A425A6EB01791 /* SystemKeychain.swift in Sources */ = {isa = PBXBuildFile; fileRef = 18AF1A9EA00EA8203170A7A9 /* SystemKeychain.swift */; };
		E888DF4FC2AD4C8B16DF2C8F /* EncryptedBundleProvider.swift in Sources */ = {isa = PBXBuildFile; fileRef = 8555E7685151D6C6D3A340F4 /* EncryptedBundleProvider.swift */; };
		EE71EEAD746A5C409F337F74 /* VaultSyncProvider.swift in Sources */ = {isa = PBXBuildFile; fileRef = 1C6C5B885752B18DB0A58F8E /* VaultSyncProvider.swift */; };
		EFEDBA5E9CAD4FDF098036EC /* SSHDiagnosticsTests.swift in Sources */ = {isa = PBXBuildFile; fileRef = DBE312E78573CE2AD557CB7D /* SSHDiagnosticsTests.swift */; };
		F223C45BE76C4067973F2DA3 /* Poly1305.swift in Sources */ = {isa = PBXBuildFile; fileRef = A2A6A4E93CCAD31FB085E492 /* Poly1305.swift */; };
		F5A4DEA542D1A8563D33D0A3 /* TerminalUIView+Input.swift in Sources */ = {isa = PBXBuildFile; fileRef = 447EECEE3A8F82F58C1FC070 /* TerminalUIView+Input.swift */; };
		F6D95FA31B7981CD6E2E2A11 /* SSHServerProbe.swift in Sources */ = {isa = PBXBuildFile; fileRef = 842AD093693598A1AE7F9A0F /* SSHServerProbe.swift */; };
		F716EB1CBEA15C2DE40C538D /* TerminalGestureTests.swift in Sources */ = {isa = PBXBuildFile; fileRef = 50D2C1CF6FAD15BD3DE35746 /* TerminalGestureTests.swift */; };
		F86C7C761665BF38DC3BA455 /* Vault.swift in Sources */ = {isa = PBXBuildFile; fileRef = 2D7083B895C6269CFE11CBF1 /* Vault.swift */; };
		F8E05F61982C469C8053DA5A /* ClipboardKeyImport.swift in Sources */ = {isa = PBXBuildFile; fileRef = 2B4785E9A160499D8AD80D08 /* ClipboardKeyImport.swift */; };
		FAB1A5B26FFAEA82694DF070 /* TerminalTheme.swift in Sources */ = {isa = PBXBuildFile; fileRef = 856FA619D8BEEB4B4F9F7406 /* TerminalTheme.swift */; };
		FDCCAB9A98E138088C81FB58 /* SSHSession.swift in Sources */ = {isa = PBXBuildFile; fileRef = C680D3B5EFF926E44658C176 /* SSHSession.swift */; };
		FFD12BDD31BC35CAEC0F3B38 /* VTPaste.swift in Sources */ = {isa = PBXBuildFile; fileRef = 846CE53D67A19EC23216D491 /* VTPaste.swift */; };
/* End PBXBuildFile section */

/* Begin PBXContainerItemProxy section */
		07200C3C54DCB542C5D8B7D5 /* PBXContainerItemProxy */ = {
			isa = PBXContainerItemProxy;
			containerPortal = 7861D909EF4118AA9060B335 /* Project object */;
			proxyType = 1;
			remoteGlobalIDString = 24A47C613BCD5BDFD81554DE;
			remoteInfo = Ghostty;
		};
		EF4C4FFE387ECE19031A0FE1 /* PBXContainerItemProxy */ = {
			isa = PBXContainerItemProxy;
			containerPortal = 7861D909EF4118AA9060B335 /* Project object */;
			proxyType = 1;
			remoteGlobalIDString = 24A47C613BCD5BDFD81554DE;
			remoteInfo = Ghostty;
		};
/* End PBXContainerItemProxy section */

/* Begin PBXFileReference section */
		02314B7313E9777393BC741B /* BigUnsignedInteger.swift */ = {isa = PBXFileReference; lastKnownFileType = sourcecode.swift; path = BigUnsignedInteger.swift; sourceTree = "<group>"; };
		05923337F24C102B8EC8A7D4 /* ScreenshotSeed.swift */ = {isa = PBXFileReference; lastKnownFileType = sourcecode.swift; path = ScreenshotSeed.swift; sourceTree = "<group>"; };
		05B47D8E1B049604E237AC6E /* SessionManager.swift */ = {isa = PBXFileReference; lastKnownFileType = sourcecode.swift; path = SessionManager.swift; sourceTree = "<group>"; };
		065EAD9A4176C1CF0B39BAF6 /* OnePasswordConnectProvider.swift */ = {isa = PBXFileReference; lastKnownFileType = sourcecode.swift; path = OnePasswordConnectProvider.swift; sourceTree = "<group>"; };
		074A96029E77527D386C649F /* BitwardenSyncProvider.swift */ = {isa = PBXFileReference; lastKnownFileType = sourcecode.swift; path = BitwardenSyncProvider.swift; sourceTree = "<group>"; };
		0A0AC9C8EB3A5C059BBE77FA /* Haptics.swift */ = {isa = PBXFileReference; lastKnownFileType = sourcecode.swift; path = Haptics.swift; sourceTree = "<group>"; };
		1179FD24C6B4643BFD4F481E /* SSHTypes.swift */ = {isa = PBXFileReference; lastKnownFileType = sourcecode.swift; path = SSHTypes.swift; sourceTree = "<group>"; };
		140B49FD67B6B96509DC52E9 /* PEMPrivateKey.swift */ = {isa = PBXFileReference; lastKnownFileType = sourcecode.swift; path = PEMPrivateKey.swift; sourceTree = "<group>"; };
		17551D804A17C5EB6AC039DF /* SyncBundleTests.swift */ = {isa = PBXFileReference; lastKnownFileType = sourcecode.swift; path = SyncBundleTests.swift; sourceTree = "<group>"; };
		18AF1A9EA00EA8203170A7A9 /* SystemKeychain.swift */ = {isa = PBXFileReference; lastKnownFileType = sourcecode.swift; path = SystemKeychain.swift; sourceTree = "<group>"; };
		1ABE0D7D8F23A57499D66A80 /* SessionsView.swift */ = {isa = PBXFileReference; lastKnownFileType = sourcecode.swift; path = SessionsView.swift; sourceTree = "<group>"; };
		1C6C5B885752B18DB0A58F8E /* VaultSyncProvider.swift */ = {isa = PBXFileReference; lastKnownFileType = sourcecode.swift; path = VaultSyncProvider.swift; sourceTree = "<group>"; };
		29D6614287AAF055606BE959 /* TerminalSession.swift */ = {isa = PBXFileReference; lastKnownFileType = sourcecode.swift; path = TerminalSession.swift; sourceTree = "<group>"; };
		2B276587B11327404DA59912 /* VTRenderState.swift */ = {isa = PBXFileReference; lastKnownFileType = sourcecode.swift; path = VTRenderState.swift; sourceTree = "<group>"; };
		2B4785E9A160499D8AD80D08 /* ClipboardKeyImport.swift */ = {isa = PBXFileReference; lastKnownFileType = sourcecode.swift; path = ClipboardKeyImport.swift; sourceTree = "<group>"; };
		2D7083B895C6269CFE11CBF1 /* Vault.swift */ = {isa = PBXFileReference; lastKnownFileType = sourcecode.swift; path = Vault.swift; sourceTree = "<group>"; };
		32884445476936E18B4111E5 /* SSHAlgorithmMismatch.swift */ = {isa = PBXFileReference; lastKnownFileType = sourcecode.swift; path = SSHAlgorithmMismatch.swift; sourceTree = "<group>"; };
		3342742F7807A1EA5E4DD8FF /* TerminalFontSet.swift */ = {isa = PBXFileReference; lastKnownFileType = sourcecode.swift; path = TerminalFontSet.swift; sourceTree = "<group>"; };
		3541A9B8F28A0A76F8D116D2 /* ScreenshotTests.swift */ = {isa = PBXFileReference; lastKnownFileType = sourcecode.swift; path = ScreenshotTests.swift; sourceTree = "<group>"; };
		37C740F6B87F06DA23DD3BF7 /* SSHPrivateKeyMaterial.swift */ = {isa = PBXFileReference; lastKnownFileType = sourcecode.swift; path = SSHPrivateKeyMaterial.swift; sourceTree = "<group>"; };
		3C7B3832872F3C4061BB75FD /* HostKeyVerification.swift */ = {isa = PBXFileReference; lastKnownFileType = sourcecode.swift; path = HostKeyVerification.swift; sourceTree = "<group>"; };
		3DEC2174AD5F5D754734A039 /* SSHPrivateKeyMaterial+NIOSSH.swift */ = {isa = PBXFileReference; lastKnownFileType = sourcecode.swift; path = "SSHPrivateKeyMaterial+NIOSSH.swift"; sourceTree = "<group>"; };
		40334953093E466B7E92D05B /* SSHTransportProtectionCatalog.swift */ = {isa = PBXFileReference; lastKnownFileType = sourcecode.swift; path = SSHTransportProtectionCatalog.swift; sourceTree = "<group>"; };
		40AB8770A8FB966C6EF15EA3 /* TerminalTransport.swift */ = {isa = PBXFileReference; lastKnownFileType = sourcecode.swift; path = TerminalTransport.swift; sourceTree = "<group>"; };
		447EECEE3A8F82F58C1FC070 /* TerminalUIView+Input.swift */ = {isa = PBXFileReference; lastKnownFileType = sourcecode.swift; path = "TerminalUIView+Input.swift"; sourceTree = "<group>"; };
		458A7B23CA31E264E0AC27E3 /* TerminalViewRepresentable.swift */ = {isa = PBXFileReference; lastKnownFileType = sourcecode.swift; path = TerminalViewRepresentable.swift; sourceTree = "<group>"; };
		47769CF738B47F3AA521A5F2 /* SSHConnectionCoordinator.swift */ = {isa = PBXFileReference; lastKnownFileType = sourcecode.swift; path = SSHConnectionCoordinator.swift; sourceTree = "<group>"; };
		488B3B502B944742D3F08D8A /* EncryptedBundle.swift */ = {isa = PBXFileReference; lastKnownFileType = sourcecode.swift; path = EncryptedBundle.swift; sourceTree = "<group>"; };
		4C695FF62790A308B7229F42 /* ICloudKeychainSyncProvider.swift */ = {isa = PBXFileReference; lastKnownFileType = sourcecode.swift; path = ICloudKeychainSyncProvider.swift; sourceTree = "<group>"; };
		4EF49330030EC86C10F97CE3 /* BitwardenAPIClient.swift */ = {isa = PBXFileReference; lastKnownFileType = sourcecode.swift; path = BitwardenAPIClient.swift; sourceTree = "<group>"; };
		50D2C1CF6FAD15BD3DE35746 /* TerminalGestureTests.swift */ = {isa = PBXFileReference; lastKnownFileType = sourcecode.swift; path = TerminalGestureTests.swift; sourceTree = "<group>"; };
		535656E1A9B286FF154BF005 /* SSHMACAlgorithm.swift */ = {isa = PBXFileReference; lastKnownFileType = sourcecode.swift; path = SSHMACAlgorithm.swift; sourceTree = "<group>"; };
		538AD64D5457BA0737EC2697 /* ghostty-vt.xcframework */ = {isa = PBXFileReference; lastKnownFileType = wrapper.xcframework; name = "ghostty-vt.xcframework"; path = "Frameworks/ghostty-vt.xcframework"; sourceTree = "<group>"; };
		54B837BBE69D404BB76782C4 /* KeyBarView.swift */ = {isa = PBXFileReference; lastKnownFileType = sourcecode.swift; path = KeyBarView.swift; sourceTree = "<group>"; };
		583526C7E840C9E7D8A23A36 /* OpenSSHKeyFile.swift */ = {isa = PBXFileReference; lastKnownFileType = sourcecode.swift; path = OpenSSHKeyFile.swift; sourceTree = "<group>"; };
		6005F3FF6767D25D2A477B7A /* VTMouseEncoder.swift */ = {isa = PBXFileReference; lastKnownFileType = sourcecode.swift; path = VTMouseEncoder.swift; sourceTree = "<group>"; };
		62C3064003198DB580301446 /* KeyFormatFixtures.swift */ = {isa = PBXFileReference; lastKnownFileType = sourcecode.swift; path = KeyFormatFixtures.swift; sourceTree = "<group>"; };
		65752694CAE07F72D32524A9 /* ConsoleTests.swift */ = {isa = PBXFileReference; lastKnownFileType = sourcecode.swift; path = ConsoleTests.swift; sourceTree = "<group>"; };
		65C825817A9C950F489E8213 /* RootView.swift */ = {isa = PBXFileReference; lastKnownFileType = sourcecode.swift; path = RootView.swift; sourceTree = "<group>"; };
		66D867B9A082778AC40D65E9 /* HIDKeyMap.swift */ = {isa = PBXFileReference; lastKnownFileType = sourcecode.swift; path = HIDKeyMap.swift; sourceTree = "<group>"; };
		6720F0C9A168B4E0DA5564A0 /* KnownHostsView.swift */ = {isa = PBXFileReference; lastKnownFileType = sourcecode.swift; path = KnownHostsView.swift; sourceTree = "<group>"; };
		6B8E419CD3D719E3E37C5680 /* VTKeyEncoder.swift */ = {isa = PBXFileReference; lastKnownFileType = sourcecode.swift; path = VTKeyEncoder.swift; sourceTree = "<group>"; };
		6C4F8A207336408BC89FB347 /* Info.plist */ = {isa = PBXFileReference; lastKnownFileType = text.plist; path = Info.plist; sourceTree = "<group>"; };
		6D762D12F976818FEFF575D2 /* BitwardenCrypto.swift */ = {isa = PBXFileReference; lastKnownFileType = sourcecode.swift; path = BitwardenCrypto.swift; sourceTree = "<group>"; };
		6E1871737964B97B4E909D85 /* SSHUserAuthDelegate.swift */ = {isa = PBXFileReference; lastKnownFileType = sourcecode.swift; path = SSHUserAuthDelegate.swift; sourceTree = "<group>"; };
		6E682E485CF4CA24E1967F60 /* VTTerminal.swift */ = {isa = PBXFileReference; lastKnownFileType = sourcecode.swift; path = VTTerminal.swift; sourceTree = "<group>"; };
		766467304C922299084884FC /* VaultSyncEngine.swift */ = {isa = PBXFileReference; lastKnownFileType = sourcecode.swift; path = VaultSyncEngine.swift; sourceTree = "<group>"; };
		774531F84BA5B33A7D86E3D5 /* GhosttyTests.xctest */ = {isa = PBXFileReference; includeInIndex = 0; lastKnownFileType = wrapper.cfbundle; path = GhosttyTests.xctest; sourceTree = BUILT_PRODUCTS_DIR; };
		8071D7F2E2BF83DC509BDA75 /* ChaCha20.swift */ = {isa = PBXFileReference; lastKnownFileType = sourcecode.swift; path = ChaCha20.swift; sourceTree = "<group>"; };
		842AD093693598A1AE7F9A0F /* SSHServerProbe.swift */ = {isa = PBXFileReference; lastKnownFileType = sourcecode.swift; path = SSHServerProbe.swift; sourceTree = "<group>"; };
		844E3E1E3C20D786223C0437 /* HapticsTests.swift */ = {isa = PBXFileReference; lastKnownFileType = sourcecode.swift; path = HapticsTests.swift; sourceTree = "<group>"; };
		846CE53D67A19EC23216D491 /* VTPaste.swift */ = {isa = PBXFileReference; lastKnownFileType = sourcecode.swift; path = VTPaste.swift; sourceTree = "<group>"; };
		8555E7685151D6C6D3A340F4 /* EncryptedBundleProvider.swift */ = {isa = PBXFileReference; lastKnownFileType = sourcecode.swift; path = EncryptedBundleProvider.swift; sourceTree = "<group>"; };
		856FA619D8BEEB4B4F9F7406 /* TerminalTheme.swift */ = {isa = PBXFileReference; lastKnownFileType = sourcecode.swift; path = TerminalTheme.swift; sourceTree = "<group>"; };
		8935B86FA5030AA9D9872A6D /* SSHAlgorithmSupport.swift */ = {isa = PBXFileReference; lastKnownFileType = sourcecode.swift; path = SSHAlgorithmSupport.swift; sourceTree = "<group>"; };
		8BA5BBF52571944CF2DFD98D /* SSHKEXInitFixtures.swift */ = {isa = PBXFileReference; lastKnownFileType = sourcecode.swift; path = SSHKEXInitFixtures.swift; sourceTree = "<group>"; };
		8D2FE4BB8666107B82DC0ABB /* SSHLocalServerIntegrationTests.swift */ = {isa = PBXFileReference; lastKnownFileType = sourcecode.swift; path = SSHLocalServerIntegrationTests.swift; sourceTree = "<group>"; };
		92C3A9EF56929983F572F2B0 /* Ghostty.app */ = {isa = PBXFileReference; includeInIndex = 0; lastKnownFileType = wrapper.application; path = Ghostty.app; sourceTree = BUILT_PRODUCTS_DIR; };
		95FD17BD9B3A57922E88F78E /* SSHConnectionTester.swift */ = {isa = PBXFileReference; lastKnownFileType = sourcecode.swift; path = SSHConnectionTester.swift; sourceTree = "<group>"; };
		97926EF750F61AC16A4047F8 /* SSHTransportCryptoTests.swift */ = {isa = PBXFileReference; lastKnownFileType = sourcecode.swift; path = SSHTransportCryptoTests.swift; sourceTree = "<group>"; };
		9AD55BDDD4A83D4142866044 /* GhosttyApp.swift */ = {isa = PBXFileReference; lastKnownFileType = sourcecode.swift; path = GhosttyApp.swift; sourceTree = "<group>"; };
		9ADF9106165785EFE9E418AE /* ConsoleView.swift */ = {isa = PBXFileReference; lastKnownFileType = sourcecode.swift; path = ConsoleView.swift; sourceTree = "<group>"; };
		A2A6A4E93CCAD31FB085E492 /* Poly1305.swift */ = {isa = PBXFileReference; lastKnownFileType = sourcecode.swift; path = Poly1305.swift; sourceTree = "<group>"; };
		A5D745E1440D79C6CEF5FBD2 /* AppSettings.swift */ = {isa = PBXFileReference; lastKnownFileType = sourcecode.swift; path = AppSettings.swift; sourceTree = "<group>"; };
		A8AA6934FE3005604FEDE207 /* RSAKey.swift */ = {isa = PBXFileReference; lastKnownFileType = sourcecode.swift; path = RSAKey.swift; sourceTree = "<group>"; };
		A8B41A30096BA8FCE5FA776E /* TerminalUIView.swift */ = {isa = PBXFileReference; lastKnownFileType = sourcecode.swift; path = TerminalUIView.swift; sourceTree = "<group>"; };
		A90C223F0FBD5A17486D2963 /* HostsView.swift */ = {isa = PBXFileReference; lastKnownFileType = sourcecode.swift; path = HostsView.swift; sourceTree = "<group>"; };
		A9EAB11BAB8313F7C282F12B /* AESCounterMode.swift */ = {isa = PBXFileReference; lastKnownFileType = sourcecode.swift; path = AESCounterMode.swift; sourceTree = "<group>"; };
		AB5BF10E6F3BDA93DBB4121D /* IdentitiesView.swift */ = {isa = PBXFileReference; lastKnownFileType = sourcecode.swift; path = IdentitiesView.swift; sourceTree = "<group>"; };
		AF9263E8517E4D5C14870C5E /* ConnectionTestView.swift */ = {isa = PBXFileReference; lastKnownFileType = sourcecode.swift; path = ConnectionTestView.swift; sourceTree = "<group>"; };
		BD3CF1E889400986F417FCF8 /* SyncSettingsView.swift */ = {isa = PBXFileReference; lastKnownFileType = sourcecode.swift; path = SyncSettingsView.swift; sourceTree = "<group>"; };
		BED04410EA65033885E953F4 /* Assets.xcassets */ = {isa = PBXFileReference; lastKnownFileType = folder.assetcatalog; path = Assets.xcassets; sourceTree = "<group>"; };
		C680D3B5EFF926E44658C176 /* SSHSession.swift */ = {isa = PBXFileReference; lastKnownFileType = sourcecode.swift; path = SSHSession.swift; sourceTree = "<group>"; };
		C9FF105D508D173D595E5252 /* OpenSSHWire.swift */ = {isa = PBXFileReference; lastKnownFileType = sourcecode.swift; path = OpenSSHWire.swift; sourceTree = "<group>"; };
		CABCDE9476F5A2E17981FC81 /* GhosttyUITests.xctest */ = {isa = PBXFileReference; includeInIndex = 0; lastKnownFileType = wrapper.cfbundle; path = GhosttyUITests.xctest; sourceTree = BUILT_PRODUCTS_DIR; };
		CC389E97664B3430165DFD71 /* ChaCha20Poly1305OpenSSH.swift */ = {isa = PBXFileReference; lastKnownFileType = sourcecode.swift; path = ChaCha20Poly1305OpenSSH.swift; sourceTree = "<group>"; };
		CC945FFBE20988683EEF57C6 /* KeyBarModel.swift */ = {isa = PBXFileReference; lastKnownFileType = sourcecode.swift; path = KeyBarModel.swift; sourceTree = "<group>"; };
		CDC295024BBEF3DC82004E17 /* KeyFormatTests.swift */ = {isa = PBXFileReference; lastKnownFileType = sourcecode.swift; path = KeyFormatTests.swift; sourceTree = "<group>"; };
		CEDF3F34B588905106FC122C /* Models.swift */ = {isa = PBXFileReference; lastKnownFileType = sourcecode.swift; path = Models.swift; sourceTree = "<group>"; };
		D221653B3D21AF0E1C7160F3 /* GhosttyVTTests.swift */ = {isa = PBXFileReference; lastKnownFileType = sourcecode.swift; path = GhosttyVTTests.swift; sourceTree = "<group>"; };
		D483AE55374B56CF52836B07 /* SettingsView.swift */ = {isa = PBXFileReference; lastKnownFileType = sourcecode.swift; path = SettingsView.swift; sourceTree = "<group>"; };
		D6E8D53541385D7D4B107BCA /* ConsoleTransport.swift */ = {isa = PBXFileReference; lastKnownFileType = sourcecode.swift; path = ConsoleTransport.swift; sourceTree = "<group>"; };
		D85F3762D6CAFD10F9C9DBB3 /* BitwardenTests.swift */ = {isa = PBXFileReference; lastKnownFileType = sourcecode.swift; path = BitwardenTests.swift; sourceTree = "<group>"; };
		DA3EC1945D26D3EF8FD03A6E /* SelectionHelper.swift */ = {isa = PBXFileReference; lastKnownFileType = sourcecode.swift; path = SelectionHelper.swift; sourceTree = "<group>"; };
		DBE312E78573CE2AD557CB7D /* SSHDiagnosticsTests.swift */ = {isa = PBXFileReference; lastKnownFileType = sourcecode.swift; path = SSHDiagnosticsTests.swift; sourceTree = "<group>"; };
		E28D91D0163EC5B7A4A9F234 /* SSHServerOffer.swift */ = {isa = PBXFileReference; lastKnownFileType = sourcecode.swift; path = SSHServerOffer.swift; sourceTree = "<group>"; };
		E729ACAB772481F82AF015B3 /* InMemoryKeychain.swift */ = {isa = PBXFileReference; lastKnownFileType = sourcecode.swift; path = InMemoryKeychain.swift; sourceTree = "<group>"; };
		E73F05362EC2672A5850E126 /* VaultTests.swift */ = {isa = PBXFileReference; lastKnownFileType = sourcecode.swift; path = VaultTests.swift; sourceTree = "<group>"; };
		ECFA6A5F52D7A682CE3C09BC /* AESCTRTransportProtection.swift */ = {isa = PBXFileReference; lastKnownFileType = sourcecode.swift; path = AESCTRTransportProtection.swift; sourceTree = "<group>"; };
		ED1C35C885CE020F6F2B52B5 /* DER.swift */ = {isa = PBXFileReference; lastKnownFileType = sourcecode.swift; path = DER.swift; sourceTree = "<group>"; };
		F5D8B79EAEF921EC0343A279 /* VTTypes.swift */ = {isa = PBXFileReference; lastKnownFileType = sourcecode.swift; path = VTTypes.swift; sourceTree = "<group>"; };
		F75F698F66D5122110A55006 /* SSHTransport.swift */ = {isa = PBXFileReference; lastKnownFileType = sourcecode.swift; path = SSHTransport.swift; sourceTree = "<group>"; };
		F84592D5659095225928F804 /* VaultSyncTests.swift */ = {isa = PBXFileReference; lastKnownFileType = sourcecode.swift; path = VaultSyncTests.swift; sourceTree = "<group>"; };
		FE65A6A37BC16EEBFCEE0207 /* SSHTransportProtectionTests.swift */ = {isa = PBXFileReference; lastKnownFileType = sourcecode.swift; path = SSHTransportProtectionTests.swift; sourceTree = "<group>"; };
		FEEB7120B0E78C178AB1AE7D /* KeychainStore.swift */ = {isa = PBXFileReference; lastKnownFileType = sourcecode.swift; path = KeychainStore.swift; sourceTree = "<group>"; };
/* End PBXFileReference section */

/* Begin PBXFrameworksBuildPhase section */
		F0C794F862C3DCBEAA146872 /* Frameworks */ = {
			isa = PBXFrameworksBuildPhase;
			buildActionMask = 2147483647;
			files = (
				014AF6A25CFEEA9C10AADABE /* ghostty-vt.xcframework in Frameworks */,
				72BC6881E275C120F1C8DA9E /* NIOSSH in Frameworks */,
				C07BCAB237BDA32D1E9BBDC8 /* NIOCore in Frameworks */,
				2E2FCA21CD7408B9BB9FE70A /* NIOPosix in Frameworks */,
				ABE9A325CD27300939B993FE /* NIOFoundationCompat in Frameworks */,
				CB76E49C0078CDDAC95DC11A /* Crypto in Frameworks */,
			);
			runOnlyForDeploymentPostprocessing = 0;
		};
/* End PBXFrameworksBuildPhase section */

/* Begin PBXGroup section */
		019C7271C64F6B334D97883C /* OnePassword */ = {
			isa = PBXGroup;
			children = (
				065EAD9A4176C1CF0B39BAF6 /* OnePasswordConnectProvider.swift */,
			);
			path = OnePassword;
			sourceTree = "<group>";
		};
		0BA9BDD1038E2A4318B51B5A /* Sources */ = {
			isa = PBXGroup;
			children = (
				67D7F57809CA1C3411D2A9F0 /* App */,
				9ADEB1E66C58AD95625247AA /* Console */,
				CB308CE1FE7618CC4F501324 /* GhosttyVT */,
				43810058F3DD4CD33CBBADA6 /* Haptics */,
				F488648D599FED8B0EEB347E /* SSH */,
				7355E6719AD73830EFB5B8F5 /* Sync */,
				A03B6F4CD868CEDC29228941 /* TerminalView */,
				83497DC8CC3F6D4575DDC53A /* Theme */,
				24CFAE305BE8862B733E6F17 /* Vault */,
			);
			path = Sources;
			sourceTree = "<group>";
		};
		24CFAE305BE8862B733E6F17 /* Vault */ = {
			isa = PBXGroup;
			children = (
				02314B7313E9777393BC741B /* BigUnsignedInteger.swift */,
				ED1C35C885CE020F6F2B52B5 /* DER.swift */,
				E729ACAB772481F82AF015B3 /* InMemoryKeychain.swift */,
				FEEB7120B0E78C178AB1AE7D /* KeychainStore.swift */,
				CEDF3F34B588905106FC122C /* Models.swift */,
				583526C7E840C9E7D8A23A36 /* OpenSSHKeyFile.swift */,
				C9FF105D508D173D595E5252 /* OpenSSHWire.swift */,
				140B49FD67B6B96509DC52E9 /* PEMPrivateKey.swift */,
				A8AA6934FE3005604FEDE207 /* RSAKey.swift */,
				37C740F6B87F06DA23DD3BF7 /* SSHPrivateKeyMaterial.swift */,
				18AF1A9EA00EA8203170A7A9 /* SystemKeychain.swift */,
				2D7083B895C6269CFE11CBF1 /* Vault.swift */,
			);
			path = Vault;
			sourceTree = "<group>";
		};
		43810058F3DD4CD33CBBADA6 /* Haptics */ = {
			isa = PBXGroup;
			children = (
				0A0AC9C8EB3A5C059BBE77FA /* Haptics.swift */,
			);
			path = Haptics;
			sourceTree = "<group>";
		};
		67D7F57809CA1C3411D2A9F0 /* App */ = {
			isa = PBXGroup;
			children = (
				A5D745E1440D79C6CEF5FBD2 /* AppSettings.swift */,
				2B4785E9A160499D8AD80D08 /* ClipboardKeyImport.swift */,
				AF9263E8517E4D5C14870C5E /* ConnectionTestView.swift */,
				9ADF9106165785EFE9E418AE /* ConsoleView.swift */,
				9AD55BDDD4A83D4142866044 /* GhosttyApp.swift */,
				A90C223F0FBD5A17486D2963 /* HostsView.swift */,
				AB5BF10E6F3BDA93DBB4121D /* IdentitiesView.swift */,
				6C4F8A207336408BC89FB347 /* Info.plist */,
				6720F0C9A168B4E0DA5564A0 /* KnownHostsView.swift */,
				65C825817A9C950F489E8213 /* RootView.swift */,
				05923337F24C102B8EC8A7D4 /* ScreenshotSeed.swift */,
				05B47D8E1B049604E237AC6E /* SessionManager.swift */,
				1ABE0D7D8F23A57499D66A80 /* SessionsView.swift */,
				D483AE55374B56CF52836B07 /* SettingsView.swift */,
				BD3CF1E889400986F417FCF8 /* SyncSettingsView.swift */,
			);
			path = App;
			sourceTree = "<group>";
		};
		7355E6719AD73830EFB5B8F5 /* Sync */ = {
			isa = PBXGroup;
			children = (
				4C695FF62790A308B7229F42 /* ICloudKeychainSyncProvider.swift */,
				766467304C922299084884FC /* VaultSyncEngine.swift */,
				1C6C5B885752B18DB0A58F8E /* VaultSyncProvider.swift */,
				F37B761B770CAB932D7EAFB4 /* Bitwarden */,
				7971FFDFC210A54495CBD7BA /* Bundle */,
				019C7271C64F6B334D97883C /* OnePassword */,
			);
			path = Sync;
			sourceTree = "<group>";
		};
		7971FFDFC210A54495CBD7BA /* Bundle */ = {
			isa = PBXGroup;
			children = (
				488B3B502B944742D3F08D8A /* EncryptedBundle.swift */,
				8555E7685151D6C6D3A340F4 /* EncryptedBundleProvider.swift */,
			);
			path = Bundle;
			sourceTree = "<group>";
		};
		83497DC8CC3F6D4575DDC53A /* Theme */ = {
			isa = PBXGroup;
			children = (
				856FA619D8BEEB4B4F9F7406 /* TerminalTheme.swift */,
			);
			path = Theme;
			sourceTree = "<group>";
		};
		8B7763C5A42C5A61CBE30FA7 /* Diagnostics */ = {
			isa = PBXGroup;
			children = (
				32884445476936E18B4111E5 /* SSHAlgorithmMismatch.swift */,
				8935B86FA5030AA9D9872A6D /* SSHAlgorithmSupport.swift */,
				95FD17BD9B3A57922E88F78E /* SSHConnectionTester.swift */,
				E28D91D0163EC5B7A4A9F234 /* SSHServerOffer.swift */,
				842AD093693598A1AE7F9A0F /* SSHServerProbe.swift */,
			);
			path = Diagnostics;
			sourceTree = "<group>";
		};
		942E86656562CB7856BA9FE0 /* Resources */ = {
			isa = PBXGroup;
			children = (
				BED04410EA65033885E953F4 /* Assets.xcassets */,
			);
			path = Resources;
			sourceTree = "<group>";
		};
		9ADEB1E66C58AD95625247AA /* Console */ = {
			isa = PBXGroup;
			children = (
				D6E8D53541385D7D4B107BCA /* ConsoleTransport.swift */,
			);
			path = Console;
			sourceTree = "<group>";
		};
		A03B6F4CD868CEDC29228941 /* TerminalView */ = {
			isa = PBXGroup;
			children = (
				66D867B9A082778AC40D65E9 /* HIDKeyMap.swift */,
				CC945FFBE20988683EEF57C6 /* KeyBarModel.swift */,
				54B837BBE69D404BB76782C4 /* KeyBarView.swift */,
				DA3EC1945D26D3EF8FD03A6E /* SelectionHelper.swift */,
				3342742F7807A1EA5E4DD8FF /* TerminalFontSet.swift */,
				29D6614287AAF055606BE959 /* TerminalSession.swift */,
				40AB8770A8FB966C6EF15EA3 /* TerminalTransport.swift */,
				A8B41A30096BA8FCE5FA776E /* TerminalUIView.swift */,
				447EECEE3A8F82F58C1FC070 /* TerminalUIView+Input.swift */,
				458A7B23CA31E264E0AC27E3 /* TerminalViewRepresentable.swift */,
			);
			path = TerminalView;
			sourceTree = "<group>";
		};
		A041FC6B71158CB6CA473F94 /* Frameworks */ = {
			isa = PBXGroup;
			children = (
				538AD64D5457BA0737EC2697 /* ghostty-vt.xcframework */,
			);
			name = Frameworks;
			sourceTree = "<group>";
		};
		CABD755AC91900C6C9B31734 /* Tests */ = {
			isa = PBXGroup;
			children = (
				ECC26729326B375AFC360684 /* GhosttyTests */,
				F32A5A569D1A1FF93B727109 /* GhosttyUITests */,
			);
			path = Tests;
			sourceTree = "<group>";
		};
		CB308CE1FE7618CC4F501324 /* GhosttyVT */ = {
			isa = PBXGroup;
			children = (
				6B8E419CD3D719E3E37C5680 /* VTKeyEncoder.swift */,
				6005F3FF6767D25D2A477B7A /* VTMouseEncoder.swift */,
				846CE53D67A19EC23216D491 /* VTPaste.swift */,
				2B276587B11327404DA59912 /* VTRenderState.swift */,
				6E682E485CF4CA24E1967F60 /* VTTerminal.swift */,
				F5D8B79EAEF921EC0343A279 /* VTTypes.swift */,
			);
			path = GhosttyVT;
			sourceTree = "<group>";
		};
		DDE1331E1E8B720EB1ED145A /* Products */ = {
			isa = PBXGroup;
			children = (
				92C3A9EF56929983F572F2B0 /* Ghostty.app */,
				774531F84BA5B33A7D86E3D5 /* GhosttyTests.xctest */,
				CABCDE9476F5A2E17981FC81 /* GhosttyUITests.xctest */,
			);
			name = Products;
			sourceTree = "<group>";
		};
		E83A4C795D8A545A0C417BDE = {
			isa = PBXGroup;
			children = (
				942E86656562CB7856BA9FE0 /* Resources */,
				0BA9BDD1038E2A4318B51B5A /* Sources */,
				CABD755AC91900C6C9B31734 /* Tests */,
				A041FC6B71158CB6CA473F94 /* Frameworks */,
				DDE1331E1E8B720EB1ED145A /* Products */,
			);
			sourceTree = "<group>";
		};
		ECC26729326B375AFC360684 /* GhosttyTests */ = {
			isa = PBXGroup;
			children = (
				D85F3762D6CAFD10F9C9DBB3 /* BitwardenTests.swift */,
				65752694CAE07F72D32524A9 /* ConsoleTests.swift */,
				D221653B3D21AF0E1C7160F3 /* GhosttyVTTests.swift */,
				844E3E1E3C20D786223C0437 /* HapticsTests.swift */,
				62C3064003198DB580301446 /* KeyFormatFixtures.swift */,
				CDC295024BBEF3DC82004E17 /* KeyFormatTests.swift */,
				DBE312E78573CE2AD557CB7D /* SSHDiagnosticsTests.swift */,
				8BA5BBF52571944CF2DFD98D /* SSHKEXInitFixtures.swift */,
				8D2FE4BB8666107B82DC0ABB /* SSHLocalServerIntegrationTests.swift */,
				97926EF750F61AC16A4047F8 /* SSHTransportCryptoTests.swift */,
				FE65A6A37BC16EEBFCEE0207 /* SSHTransportProtectionTests.swift */,
				17551D804A17C5EB6AC039DF /* SyncBundleTests.swift */,
				50D2C1CF6FAD15BD3DE35746 /* TerminalGestureTests.swift */,
				F84592D5659095225928F804 /* VaultSyncTests.swift */,
				E73F05362EC2672A5850E126 /* VaultTests.swift */,
			);
			path = GhosttyTests;
			sourceTree = "<group>";
		};
		F1E48E91C78DD1F6F24D394A /* Transport */ = {
			isa = PBXGroup;
			children = (
				A9EAB11BAB8313F7C282F12B /* AESCounterMode.swift */,
				ECFA6A5F52D7A682CE3C09BC /* AESCTRTransportProtection.swift */,
				8071D7F2E2BF83DC509BDA75 /* ChaCha20.swift */,
				CC389E97664B3430165DFD71 /* ChaCha20Poly1305OpenSSH.swift */,
				A2A6A4E93CCAD31FB085E492 /* Poly1305.swift */,
				535656E1A9B286FF154BF005 /* SSHMACAlgorithm.swift */,
				40334953093E466B7E92D05B /* SSHTransportProtectionCatalog.swift */,
			);
			path = Transport;
			sourceTree = "<group>";
		};
		F32A5A569D1A1FF93B727109 /* GhosttyUITests */ = {
			isa = PBXGroup;
			children = (
				3541A9B8F28A0A76F8D116D2 /* ScreenshotTests.swift */,
			);
			path = GhosttyUITests;
			sourceTree = "<group>";
		};
		F37B761B770CAB932D7EAFB4 /* Bitwarden */ = {
			isa = PBXGroup;
			children = (
				4EF49330030EC86C10F97CE3 /* BitwardenAPIClient.swift */,
				6D762D12F976818FEFF575D2 /* BitwardenCrypto.swift */,
				074A96029E77527D386C649F /* BitwardenSyncProvider.swift */,
			);
			path = Bitwarden;
			sourceTree = "<group>";
		};
		F488648D599FED8B0EEB347E /* SSH */ = {
			isa = PBXGroup;
			children = (
				3C7B3832872F3C4061BB75FD /* HostKeyVerification.swift */,
				47769CF738B47F3AA521A5F2 /* SSHConnectionCoordinator.swift */,
				3DEC2174AD5F5D754734A039 /* SSHPrivateKeyMaterial+NIOSSH.swift */,
				C680D3B5EFF926E44658C176 /* SSHSession.swift */,
				F75F698F66D5122110A55006 /* SSHTransport.swift */,
				1179FD24C6B4643BFD4F481E /* SSHTypes.swift */,
				6E1871737964B97B4E909D85 /* SSHUserAuthDelegate.swift */,
				8B7763C5A42C5A61CBE30FA7 /* Diagnostics */,
				F1E48E91C78DD1F6F24D394A /* Transport */,
			);
			path = SSH;
			sourceTree = "<group>";
		};
/* End PBXGroup section */

/* Begin PBXNativeTarget section */
		24A47C613BCD5BDFD81554DE /* Ghostty */ = {
			isa = PBXNativeTarget;
			buildConfigurationList = EDBA57846CE279DCA8A43AF7 /* Build configuration list for PBXNativeTarget "Ghostty" */;
			buildPhases = (
				3AE60A860174FF984114606B /* Sources */,
				92C3857C2C0152C5CCE74F0D /* Resources */,
				F0C794F862C3DCBEAA146872 /* Frameworks */,
			);
			buildRules = (
			);
			dependencies = (
			);
			name = Ghostty;
			packageProductDependencies = (
				616CA08769B5D06837838B01 /* NIOSSH */,
				F91D03135F18405A1CF37870 /* NIOCore */,
				8A22F09C3D4ABB3FD929EFDD /* NIOPosix */,
				6E667D8AB0B961C192047F6A /* NIOFoundationCompat */,
				C5528575D9C6FE86EED2326B /* Crypto */,
			);
			productName = Ghostty;
			productReference = 92C3A9EF56929983F572F2B0 /* Ghostty.app */;
			productType = "com.apple.product-type.application";
		};
		8F0DC29DE6D71B749048B356 /* GhosttyTests */ = {
			isa = PBXNativeTarget;
			buildConfigurationList = 7976A34994488585083417BF /* Build configuration list for PBXNativeTarget "GhosttyTests" */;
			buildPhases = (
				CAEF80FE586350AA3341852D /* Sources */,
			);
			buildRules = (
			);
			dependencies = (
				0A196072517BE6F62E72FC62 /* PBXTargetDependency */,
			);
			name = GhosttyTests;
			packageProductDependencies = (
			);
			productName = GhosttyTests;
			productReference = 774531F84BA5B33A7D86E3D5 /* GhosttyTests.xctest */;
			productType = "com.apple.product-type.bundle.unit-test";
		};
		A4CBCDF25681D82E4962AC72 /* GhosttyUITests */ = {
			isa = PBXNativeTarget;
			buildConfigurationList = DD7BDB73DAD178F66B1338C0 /* Build configuration list for PBXNativeTarget "GhosttyUITests" */;
			buildPhases = (
				73FF88C96768713F7821C68E /* Sources */,
			);
			buildRules = (
			);
			dependencies = (
				0A62C2BB13365F915B0D8805 /* PBXTargetDependency */,
			);
			name = GhosttyUITests;
			packageProductDependencies = (
			);
			productName = GhosttyUITests;
			productReference = CABCDE9476F5A2E17981FC81 /* GhosttyUITests.xctest */;
			productType = "com.apple.product-type.bundle.ui-testing";
		};
/* End PBXNativeTarget section */

/* Begin PBXProject section */
		7861D909EF4118AA9060B335 /* Project object */ = {
			isa = PBXProject;
			attributes = {
				BuildIndependentTargetsInParallel = YES;
				LastUpgradeCheck = 1430;
				TargetAttributes = {
					24A47C613BCD5BDFD81554DE = {
						DevelopmentTeam = XXVMGZB67S;
						ProvisioningStyle = Automatic;
					};
					8F0DC29DE6D71B749048B356 = {
						DevelopmentTeam = XXVMGZB67S;
						ProvisioningStyle = Automatic;
					};
					A4CBCDF25681D82E4962AC72 = {
						DevelopmentTeam = XXVMGZB67S;
						ProvisioningStyle = Automatic;
						TestTargetID = 24A47C613BCD5BDFD81554DE;
					};
				};
			};
			buildConfigurationList = 9F374A78E20A45207DA466FB /* Build configuration list for PBXProject "Ghostty" */;
			developmentRegion = en;
			hasScannedForEncodings = 0;
			knownRegions = (
				Base,
				en,
			);
			mainGroup = E83A4C795D8A545A0C417BDE;
			minimizedProjectReferenceProxies = 1;
			packageReferences = (
				BF9727F853D1E687995FE2DF /* XCRemoteSwiftPackageReference "swift-crypto" */,
				784D32F11D3F302B09B6F872 /* XCRemoteSwiftPackageReference "swift-nio" */,
				CA93EF35B5D5B2A650ECF495 /* XCRemoteSwiftPackageReference "swift-nio-ssh" */,
			);
			preferredProjectObjectVersion = 77;
			productRefGroup = DDE1331E1E8B720EB1ED145A /* Products */;
			projectDirPath = "";
			projectRoot = "";
			targets = (
				24A47C613BCD5BDFD81554DE /* Ghostty */,
				8F0DC29DE6D71B749048B356 /* GhosttyTests */,
				A4CBCDF25681D82E4962AC72 /* GhosttyUITests */,
			);
		};
/* End PBXProject section */

/* Begin PBXResourcesBuildPhase section */
		92C3857C2C0152C5CCE74F0D /* Resources */ = {
			isa = PBXResourcesBuildPhase;
			buildActionMask = 2147483647;
			files = (
				644D596C1BF3D3E7A2FADDE3 /* Assets.xcassets in Resources */,
			);
			runOnlyForDeploymentPostprocessing = 0;
		};
/* End PBXResourcesBuildPhase section */

/* Begin PBXSourcesBuildPhase section */
		3AE60A860174FF984114606B /* Sources */ = {
			isa = PBXSourcesBuildPhase;
			buildActionMask = 2147483647;
			files = (
				D55A785F998116CCEBA4DD83 /* AESCTRTransportProtection.swift in Sources */,
				1D31246727D57911227ED9B3 /* AESCounterMode.swift in Sources */,
				CD6854F9743EFE5A6DB4CDFA /* AppSettings.swift in Sources */,
				BCC6831984869176E14E21C6 /* BigUnsignedInteger.swift in Sources */,
				D6F4A53D1FE2FA23FB1D8D92 /* BitwardenAPIClient.swift in Sources */,
				165E7EA2CB286643715227E8 /* BitwardenCrypto.swift in Sources */,
				B0F297F2F7454932E435DE7C /* BitwardenSyncProvider.swift in Sources */,
				B566B82AC0BEB6388CD1EAA3 /* ChaCha20.swift in Sources */,
				DE3FD0568858B9E70F13EC3B /* ChaCha20Poly1305OpenSSH.swift in Sources */,
				F8E05F61982C469C8053DA5A /* ClipboardKeyImport.swift in Sources */,
				9E3E0B163AF46B0B864F1810 /* ConnectionTestView.swift in Sources */,
				16584A4F60623B7F0F287FE1 /* ConsoleTransport.swift in Sources */,
				6B23274A52C61BEA4315556E /* ConsoleView.swift in Sources */,
				33F487111CEB01B72433E6E6 /* DER.swift in Sources */,
				2CF5561CC5D49F8BD6DE5285 /* EncryptedBundle.swift in Sources */,
				E888DF4FC2AD4C8B16DF2C8F /* EncryptedBundleProvider.swift in Sources */,
				740E006C315ABEAB62AFFA7F /* GhosttyApp.swift in Sources */,
				2A43527FB4EB9D246553BE77 /* HIDKeyMap.swift in Sources */,
				39271FA07AB5C663141ABF01 /* Haptics.swift in Sources */,
				43199F560027D78F00782D1D /* HostKeyVerification.swift in Sources */,
				AB9966C114A821E5C36CAA64 /* HostsView.swift in Sources */,
				C6B392703724F6BFC036FEE0 /* ICloudKeychainSyncProvider.swift in Sources */,
				55712DC4F73FE637E0930F71 /* IdentitiesView.swift in Sources */,
				0C8D72A30E7460B29564B24C /* InMemoryKeychain.swift in Sources */,
				D875314E0C564F4EF6E8A492 /* KeyBarModel.swift in Sources */,
				A3AA1FC07E5CF66D828E807F /* KeyBarView.swift in Sources */,
				CDD82804629EBBD9AC7DF7D7 /* KeychainStore.swift in Sources */,
				6FC0BB7F603BC2F0F2DECADE /* KnownHostsView.swift in Sources */,
				D32C5C60FF77FCE349D0E600 /* Models.swift in Sources */,
				1016F397D5821C77F7A5DA5E /* OnePasswordConnectProvider.swift in Sources */,
				423662C2D9DC9D28DF3704FA /* OpenSSHKeyFile.swift in Sources */,
				5FE460E6E817495A035D12C1 /* OpenSSHWire.swift in Sources */,
				BAF30A367D4D58A098E60C77 /* PEMPrivateKey.swift in Sources */,
				F223C45BE76C4067973F2DA3 /* Poly1305.swift in Sources */,
				3D99F576096E91D0C51A02C8 /* RSAKey.swift in Sources */,
				870003B218BC68B2A1135EA6 /* RootView.swift in Sources */,
				CDE6C78F4A7267C9FD53E4A5 /* SSHAlgorithmMismatch.swift in Sources */,
				8B513AFF4CD63A4591E6A074 /* SSHAlgorithmSupport.swift in Sources */,
				49EC1C95E04BE764AD74532D /* SSHConnectionCoordinator.swift in Sources */,
				02C998DBA24B5D1DBADF6142 /* SSHConnectionTester.swift in Sources */,
				09206FBCDCFB709AE05C9CF0 /* SSHMACAlgorithm.swift in Sources */,
				9EDB6560C4B84DEA2FBC00EB /* SSHPrivateKeyMaterial+NIOSSH.swift in Sources */,
				6CBD1A178DB9E4A5661A1F1A /* SSHPrivateKeyMaterial.swift in Sources */,
				9526464E9AB6303F8755E39A /* SSHServerOffer.swift in Sources */,
				F6D95FA31B7981CD6E2E2A11 /* SSHServerProbe.swift in Sources */,
				FDCCAB9A98E138088C81FB58 /* SSHSession.swift in Sources */,
				28EE7EE8CD41B7CC8B7BC307 /* SSHTransport.swift in Sources */,
				37EFCC88D6698964C8708CF4 /* SSHTransportProtectionCatalog.swift in Sources */,
				24FD95C990FC01750C202663 /* SSHTypes.swift in Sources */,
				CF87B0974F0DCC6AABB935E5 /* SSHUserAuthDelegate.swift in Sources */,
				940B7DEEC7D24CB81EFC7BB7 /* ScreenshotSeed.swift in Sources */,
				0D1F4DCCEF5C5F6E3F9C37E9 /* SelectionHelper.swift in Sources */,
				8B0C9D4A369596AE77A209D1 /* SessionManager.swift in Sources */,
				78FE4A02D707624899620D56 /* SessionsView.swift in Sources */,
				D13B1FAABFA658547964B70F /* SettingsView.swift in Sources */,
				1B6FCB18ED8A5295AF8E5CC2 /* SyncSettingsView.swift in Sources */,
				E3F877210C0A425A6EB01791 /* SystemKeychain.swift in Sources */,
				17887CDA104BCD946525A6F0 /* TerminalFontSet.swift in Sources */,
				17C2CF5E80D11C08533293EE /* TerminalSession.swift in Sources */,
				FAB1A5B26FFAEA82694DF070 /* TerminalTheme.swift in Sources */,
				2B7CD468D9B9A00AA950A095 /* TerminalTransport.swift in Sources */,
				F5A4DEA542D1A8563D33D0A3 /* TerminalUIView+Input.swift in Sources */,
				A468C81C5DFC759388D99271 /* TerminalUIView.swift in Sources */,
				BC577F6BC4CEB3D54942EBE4 /* TerminalViewRepresentable.swift in Sources */,
				745F19DC0B84200990F6FB63 /* VTKeyEncoder.swift in Sources */,
				C52B6EDB040961A161CA4DE1 /* VTMouseEncoder.swift in Sources */,
				FFD12BDD31BC35CAEC0F3B38 /* VTPaste.swift in Sources */,
				022A861D6D106BA05A151167 /* VTRenderState.swift in Sources */,
				3DA91A91EF69472B05AEE544 /* VTTerminal.swift in Sources */,
				23ED07961C99C16D528F6A41 /* VTTypes.swift in Sources */,
				F86C7C761665BF38DC3BA455 /* Vault.swift in Sources */,
				743E7FCF73AA6FB7BDCDBBA9 /* VaultSyncEngine.swift in Sources */,
				EE71EEAD746A5C409F337F74 /* VaultSyncProvider.swift in Sources */,
			);
			runOnlyForDeploymentPostprocessing = 0;
		};
		73FF88C96768713F7821C68E /* Sources */ = {
			isa = PBXSourcesBuildPhase;
			buildActionMask = 2147483647;
			files = (
				B1DAFDCE0D7878A353B5F1D7 /* ScreenshotTests.swift in Sources */,
			);
			runOnlyForDeploymentPostprocessing = 0;
		};
		CAEF80FE586350AA3341852D /* Sources */ = {
			isa = PBXSourcesBuildPhase;
			buildActionMask = 2147483647;
			files = (
				54B6FB5B0F01AFE678BC0C5F /* BitwardenTests.swift in Sources */,
				6577FEC21CECD7FDE4717A28 /* ConsoleTests.swift in Sources */,
				76977A751BBF637AB93AA587 /* GhosttyVTTests.swift in Sources */,
				00135E13676B45245A21384B /* HapticsTests.swift in Sources */,
				7B4DAAEB5527E793F5F1C326 /* KeyFormatFixtures.swift in Sources */,
				A34214C72DC6A24E9460959D /* KeyFormatTests.swift in Sources */,
				EFEDBA5E9CAD4FDF098036EC /* SSHDiagnosticsTests.swift in Sources */,
				C65095CD8B3174B0A6D21BDD /* SSHKEXInitFixtures.swift in Sources */,
				DE332A33EF64E424214F4481 /* SSHLocalServerIntegrationTests.swift in Sources */,
				A2E22AF3B2C559AB1CFD7A87 /* SSHTransportCryptoTests.swift in Sources */,
				B5BD70553966DC4FE21305C8 /* SSHTransportProtectionTests.swift in Sources */,
				A49B641D079562D8B4C0FDFD /* SyncBundleTests.swift in Sources */,
				F716EB1CBEA15C2DE40C538D /* TerminalGestureTests.swift in Sources */,
				A5E8221EAA75484B2EF548D0 /* VaultSyncTests.swift in Sources */,
				AF99F8BF37E374A41ACACBA4 /* VaultTests.swift in Sources */,
			);
			runOnlyForDeploymentPostprocessing = 0;
		};
/* End PBXSourcesBuildPhase section */

/* Begin PBXTargetDependency section */
		0A196072517BE6F62E72FC62 /* PBXTargetDependency */ = {
			isa = PBXTargetDependency;
			target = 24A47C613BCD5BDFD81554DE /* Ghostty */;
			targetProxy = 07200C3C54DCB542C5D8B7D5 /* PBXContainerItemProxy */;
		};
		0A62C2BB13365F915B0D8805 /* PBXTargetDependency */ = {
			isa = PBXTargetDependency;
			target = 24A47C613BCD5BDFD81554DE /* Ghostty */;
			targetProxy = EF4C4FFE387ECE19031A0FE1 /* PBXContainerItemProxy */;
		};
/* End PBXTargetDependency section */

/* Begin XCBuildConfiguration section */
		4E5E109FBB120BDB8F6D2909 /* Debug */ = {
			isa = XCBuildConfiguration;
			buildSettings = {
				BUNDLE_LOADER = "$(TEST_HOST)";
				"EXCLUDED_ARCHS[sdk=iphonesimulator*]" = x86_64;
				GENERATE_INFOPLIST_FILE = YES;
				LD_RUNPATH_SEARCH_PATHS = (
					"$(inherited)",
					"@executable_path/Frameworks",
					"@loader_path/Frameworks",
				);
				PRODUCT_BUNDLE_IDENTIFIER = com.morton.ghostty.tests;
				SDKROOT = iphoneos;
				TARGETED_DEVICE_FAMILY = "1,2";
				TEST_HOST = "$(BUILT_PRODUCTS_DIR)/Ghostty.app/Ghostty";
			};
			name = Debug;
		};
		71795B4C909E23D1396E375E /* Debug */ = {
			isa = XCBuildConfiguration;
			buildSettings = {
				ALWAYS_SEARCH_USER_PATHS = NO;
				CLANG_ANALYZER_NONNULL = YES;
				CLANG_ANALYZER_NUMBER_OBJECT_CONVERSION = YES_AGGRESSIVE;
				CLANG_CXX_LANGUAGE_STANDARD = "gnu++14";
				CLANG_CXX_LIBRARY = "libc++";
				CLANG_ENABLE_MODULES = YES;
				CLANG_ENABLE_OBJC_ARC = YES;
				CLANG_ENABLE_OBJC_WEAK = YES;
				CLANG_WARN_BLOCK_CAPTURE_AUTORELEASING = YES;
				CLANG_WARN_BOOL_CONVERSION = YES;
				CLANG_WARN_COMMA = YES;
				CLANG_WARN_CONSTANT_CONVERSION = YES;
				CLANG_WARN_DEPRECATED_OBJC_IMPLEMENTATIONS = YES;
				CLANG_WARN_DIRECT_OBJC_ISA_USAGE = YES_ERROR;
				CLANG_WARN_DOCUMENTATION_COMMENTS = YES;
				CLANG_WARN_EMPTY_BODY = YES;
				CLANG_WARN_ENUM_CONVERSION = YES;
				CLANG_WARN_INFINITE_RECURSION = YES;
				CLANG_WARN_INT_CONVERSION = YES;
				CLANG_WARN_NON_LITERAL_NULL_CONVERSION = YES;
				CLANG_WARN_OBJC_IMPLICIT_RETAIN_SELF = YES;
				CLANG_WARN_OBJC_LITERAL_CONVERSION = YES;
				CLANG_WARN_OBJC_ROOT_CLASS = YES_ERROR;
				CLANG_WARN_QUOTED_INCLUDE_IN_FRAMEWORK_HEADER = YES;
				CLANG_WARN_RANGE_LOOP_ANALYSIS = YES;
				CLANG_WARN_STRICT_PROTOTYPES = YES;
				CLANG_WARN_SUSPICIOUS_MOVE = YES;
				CLANG_WARN_UNGUARDED_AVAILABILITY = YES_AGGRESSIVE;
				CLANG_WARN_UNREACHABLE_CODE = YES;
				CLANG_WARN__DUPLICATE_METHOD_MATCH = YES;
				CODE_SIGN_STYLE = Automatic;
				COPY_PHASE_STRIP = NO;
				CURRENT_PROJECT_VERSION = 1;
				DEBUG_INFORMATION_FORMAT = dwarf;
				DEVELOPMENT_TEAM = XXVMGZB67S;
				ENABLE_STRICT_OBJC_MSGSEND = YES;
				ENABLE_TESTABILITY = YES;
				ENABLE_USER_SCRIPT_SANDBOXING = YES;
				GCC_C_LANGUAGE_STANDARD = gnu11;
				GCC_DYNAMIC_NO_PIC = NO;
				GCC_NO_COMMON_BLOCKS = YES;
				GCC_OPTIMIZATION_LEVEL = 0;
				GCC_PREPROCESSOR_DEFINITIONS = (
					"$(inherited)",
					"DEBUG=1",
				);
				GCC_WARN_64_TO_32_BIT_CONVERSION = YES;
				GCC_WARN_ABOUT_RETURN_TYPE = YES_ERROR;
				GCC_WARN_UNDECLARED_SELECTOR = YES;
				GCC_WARN_UNINITIALIZED_AUTOS = YES_AGGRESSIVE;
				GCC_WARN_UNUSED_FUNCTION = YES;
				GCC_WARN_UNUSED_VARIABLE = YES;
				IPHONEOS_DEPLOYMENT_TARGET = 17.0;
				MARKETING_VERSION = 0.1.0;
				MTL_ENABLE_DEBUG_INFO = INCLUDE_SOURCE;
				MTL_FAST_MATH = YES;
				ONLY_ACTIVE_ARCH = YES;
				PRODUCT_NAME = "$(TARGET_NAME)";
				SDKROOT = iphoneos;
				SWIFT_ACTIVE_COMPILATION_CONDITIONS = DEBUG;
				SWIFT_OPTIMIZATION_LEVEL = "-Onone";
				SWIFT_VERSION = 5.0;
			};
			name = Debug;
		};
		746199812CC24B6D9FD5A99D /* Debug */ = {
			isa = XCBuildConfiguration;
			buildSettings = {
				ASSETCATALOG_COMPILER_APPICON_NAME = AppIcon;
				ASSETCATALOG_COMPILER_GLOBAL_ACCENT_COLOR_NAME = AccentColor;
				CODE_SIGN_IDENTITY = "iPhone Developer";
				"EXCLUDED_ARCHS[sdk=iphonesimulator*]" = x86_64;
				FRAMEWORK_SEARCH_PATHS = (
					"$(inherited)",
					"\"Frameworks\"",
				);
				GENERATE_INFOPLIST_FILE = NO;
				INFOPLIST_FILE = Sources/App/Info.plist;
				LD_RUNPATH_SEARCH_PATHS = (
					"$(inherited)",
					"@executable_path/Frameworks",
				);
				PRODUCT_BUNDLE_IDENTIFIER = com.morton.ghostty;
				PRODUCT_NAME = Ghostty;
				SDKROOT = iphoneos;
				SUPPORTS_MACCATALYST = NO;
				TARGETED_DEVICE_FAMILY = "1,2";
			};
			name = Debug;
		};
		7E33ED6A550662679BF95EED /* Release */ = {
			isa = XCBuildConfiguration;
			buildSettings = {
				BUNDLE_LOADER = "$(TEST_HOST)";
				"EXCLUDED_ARCHS[sdk=iphonesimulator*]" = x86_64;
				GENERATE_INFOPLIST_FILE = YES;
				LD_RUNPATH_SEARCH_PATHS = (
					"$(inherited)",
					"@executable_path/Frameworks",
					"@loader_path/Frameworks",
				);
				PRODUCT_BUNDLE_IDENTIFIER = com.morton.ghostty.uitests;
				SDKROOT = iphoneos;
				TARGETED_DEVICE_FAMILY = "1,2";
				TEST_TARGET_NAME = Ghostty;
			};
			name = Release;
		};
		9CC94AECF23B15ABCA2ECA06 /* Release */ = {
			isa = XCBuildConfiguration;
			buildSettings = {
				ALWAYS_SEARCH_USER_PATHS = NO;
				CLANG_ANALYZER_NONNULL = YES;
				CLANG_ANALYZER_NUMBER_OBJECT_CONVERSION = YES_AGGRESSIVE;
				CLANG_CXX_LANGUAGE_STANDARD = "gnu++14";
				CLANG_CXX_LIBRARY = "libc++";
				CLANG_ENABLE_MODULES = YES;
				CLANG_ENABLE_OBJC_ARC = YES;
				CLANG_ENABLE_OBJC_WEAK = YES;
				CLANG_WARN_BLOCK_CAPTURE_AUTORELEASING = YES;
				CLANG_WARN_BOOL_CONVERSION = YES;
				CLANG_WARN_COMMA = YES;
				CLANG_WARN_CONSTANT_CONVERSION = YES;
				CLANG_WARN_DEPRECATED_OBJC_IMPLEMENTATIONS = YES;
				CLANG_WARN_DIRECT_OBJC_ISA_USAGE = YES_ERROR;
				CLANG_WARN_DOCUMENTATION_COMMENTS = YES;
				CLANG_WARN_EMPTY_BODY = YES;
				CLANG_WARN_ENUM_CONVERSION = YES;
				CLANG_WARN_INFINITE_RECURSION = YES;
				CLANG_WARN_INT_CONVERSION = YES;
				CLANG_WARN_NON_LITERAL_NULL_CONVERSION = YES;
				CLANG_WARN_OBJC_IMPLICIT_RETAIN_SELF = YES;
				CLANG_WARN_OBJC_LITERAL_CONVERSION = YES;
				CLANG_WARN_OBJC_ROOT_CLASS = YES_ERROR;
				CLANG_WARN_QUOTED_INCLUDE_IN_FRAMEWORK_HEADER = YES;
				CLANG_WARN_RANGE_LOOP_ANALYSIS = YES;
				CLANG_WARN_STRICT_PROTOTYPES = YES;
				CLANG_WARN_SUSPICIOUS_MOVE = YES;
				CLANG_WARN_UNGUARDED_AVAILABILITY = YES_AGGRESSIVE;
				CLANG_WARN_UNREACHABLE_CODE = YES;
				CLANG_WARN__DUPLICATE_METHOD_MATCH = YES;
				CODE_SIGN_STYLE = Automatic;
				COPY_PHASE_STRIP = NO;
				CURRENT_PROJECT_VERSION = 1;
				DEBUG_INFORMATION_FORMAT = "dwarf-with-dsym";
				DEVELOPMENT_TEAM = XXVMGZB67S;
				ENABLE_NS_ASSERTIONS = NO;
				ENABLE_STRICT_OBJC_MSGSEND = YES;
				ENABLE_USER_SCRIPT_SANDBOXING = YES;
				GCC_C_LANGUAGE_STANDARD = gnu11;
				GCC_NO_COMMON_BLOCKS = YES;
				GCC_WARN_64_TO_32_BIT_CONVERSION = YES;
				GCC_WARN_ABOUT_RETURN_TYPE = YES_ERROR;
				GCC_WARN_UNDECLARED_SELECTOR = YES;
				GCC_WARN_UNINITIALIZED_AUTOS = YES_AGGRESSIVE;
				GCC_WARN_UNUSED_FUNCTION = YES;
				GCC_WARN_UNUSED_VARIABLE = YES;
				IPHONEOS_DEPLOYMENT_TARGET = 17.0;
				MARKETING_VERSION = 0.1.0;
				MTL_ENABLE_DEBUG_INFO = NO;
				MTL_FAST_MATH = YES;
				PRODUCT_NAME = "$(TARGET_NAME)";
				SDKROOT = iphoneos;
				SWIFT_COMPILATION_MODE = wholemodule;
				SWIFT_OPTIMIZATION_LEVEL = "-O";
				SWIFT_VERSION = 5.0;
			};
			name = Release;
		};
		B15F4D93278EB4AD7833DE2F /* Release */ = {
			isa = XCBuildConfiguration;
			buildSettings = {
				BUNDLE_LOADER = "$(TEST_HOST)";
				"EXCLUDED_ARCHS[sdk=iphonesimulator*]" = x86_64;
				GENERATE_INFOPLIST_FILE = YES;
				LD_RUNPATH_SEARCH_PATHS = (
					"$(inherited)",
					"@executable_path/Frameworks",
					"@loader_path/Frameworks",
				);
				PRODUCT_BUNDLE_IDENTIFIER = com.morton.ghostty.tests;
				SDKROOT = iphoneos;
				TARGETED_DEVICE_FAMILY = "1,2";
				TEST_HOST = "$(BUILT_PRODUCTS_DIR)/Ghostty.app/Ghostty";
			};
			name = Release;
		};
		BF345F53B8A5E62B401EE6B4 /* Debug */ = {
			isa = XCBuildConfiguration;
			buildSettings = {
				BUNDLE_LOADER = "$(TEST_HOST)";
				"EXCLUDED_ARCHS[sdk=iphonesimulator*]" = x86_64;
				GENERATE_INFOPLIST_FILE = YES;
				LD_RUNPATH_SEARCH_PATHS = (
					"$(inherited)",
					"@executable_path/Frameworks",
					"@loader_path/Frameworks",
				);
				PRODUCT_BUNDLE_IDENTIFIER = com.morton.ghostty.uitests;
				SDKROOT = iphoneos;
				TARGETED_DEVICE_FAMILY = "1,2";
				TEST_TARGET_NAME = Ghostty;
			};
			name = Debug;
		};
		DAB6134F24ED59E25B420195 /* Release */ = {
			isa = XCBuildConfiguration;
			buildSettings = {
				ASSETCATALOG_COMPILER_APPICON_NAME = AppIcon;
				ASSETCATALOG_COMPILER_GLOBAL_ACCENT_COLOR_NAME = AccentColor;
				CODE_SIGN_IDENTITY = "iPhone Developer";
				"EXCLUDED_ARCHS[sdk=iphonesimulator*]" = x86_64;
				FRAMEWORK_SEARCH_PATHS = (
					"$(inherited)",
					"\"Frameworks\"",
				);
				GENERATE_INFOPLIST_FILE = NO;
				INFOPLIST_FILE = Sources/App/Info.plist;
				LD_RUNPATH_SEARCH_PATHS = (
					"$(inherited)",
					"@executable_path/Frameworks",
				);
				PRODUCT_BUNDLE_IDENTIFIER = com.morton.ghostty;
				PRODUCT_NAME = Ghostty;
				SDKROOT = iphoneos;
				SUPPORTS_MACCATALYST = NO;
				TARGETED_DEVICE_FAMILY = "1,2";
			};
			name = Release;
		};
/* End XCBuildConfiguration section */

/* Begin XCConfigurationList section */
		7976A34994488585083417BF /* Build configuration list for PBXNativeTarget "GhosttyTests" */ = {
			isa = XCConfigurationList;
			buildConfigurations = (
				4E5E109FBB120BDB8F6D2909 /* Debug */,
				B15F4D93278EB4AD7833DE2F /* Release */,
			);
			defaultConfigurationIsVisible = 0;
			defaultConfigurationName = Debug;
		};
		9F374A78E20A45207DA466FB /* Build configuration list for PBXProject "Ghostty" */ = {
			isa = XCConfigurationList;
			buildConfigurations = (
				71795B4C909E23D1396E375E /* Debug */,
				9CC94AECF23B15ABCA2ECA06 /* Release */,
			);
			defaultConfigurationIsVisible = 0;
			defaultConfigurationName = Debug;
		};
		DD7BDB73DAD178F66B1338C0 /* Build configuration list for PBXNativeTarget "GhosttyUITests" */ = {
			isa = XCConfigurationList;
			buildConfigurations = (
				BF345F53B8A5E62B401EE6B4 /* Debug */,
				7E33ED6A550662679BF95EED /* Release */,
			);
			defaultConfigurationIsVisible = 0;
			defaultConfigurationName = Debug;
		};
		EDBA57846CE279DCA8A43AF7 /* Build configuration list for PBXNativeTarget "Ghostty" */ = {
			isa = XCConfigurationList;
			buildConfigurations = (
				746199812CC24B6D9FD5A99D /* Debug */,
				DAB6134F24ED59E25B420195 /* Release */,
			);
			defaultConfigurationIsVisible = 0;
			defaultConfigurationName = Debug;
		};
/* End XCConfigurationList section */

/* Begin XCRemoteSwiftPackageReference section */
		784D32F11D3F302B09B6F872 /* XCRemoteSwiftPackageReference "swift-nio" */ = {
			isa = XCRemoteSwiftPackageReference;
			repositoryURL = "https://github.com/apple/swift-nio";
			requirement = {
				kind = upToNextMajorVersion;
				minimumVersion = 2.65.0;
			};
		};
		BF9727F853D1E687995FE2DF /* XCRemoteSwiftPackageReference "swift-crypto" */ = {
			isa = XCRemoteSwiftPackageReference;
			repositoryURL = "https://github.com/apple/swift-crypto";
			requirement = {
				kind = upToNextMajorVersion;
				minimumVersion = 3.0.0;
			};
		};
		CA93EF35B5D5B2A650ECF495 /* XCRemoteSwiftPackageReference "swift-nio-ssh" */ = {
			isa = XCRemoteSwiftPackageReference;
			repositoryURL = "https://github.com/apple/swift-nio-ssh";
			requirement = {
				kind = upToNextMajorVersion;
				minimumVersion = 0.15.0;
			};
		};
/* End XCRemoteSwiftPackageReference section */

/* Begin XCSwiftPackageProductDependency section */
		616CA08769B5D06837838B01 /* NIOSSH */ = {
			isa = XCSwiftPackageProductDependency;
			package = CA93EF35B5D5B2A650ECF495 /* XCRemoteSwiftPackageReference "swift-nio-ssh" */;
			productName = NIOSSH;
		};
		6E667D8AB0B961C192047F6A /* NIOFoundationCompat */ = {
			isa = XCSwiftPackageProductDependency;
			package = 784D32F11D3F302B09B6F872 /* XCRemoteSwiftPackageReference "swift-nio" */;
			productName = NIOFoundationCompat;
		};
		8A22F09C3D4ABB3FD929EFDD /* NIOPosix */ = {
			isa = XCSwiftPackageProductDependency;
			package = 784D32F11D3F302B09B6F872 /* XCRemoteSwiftPackageReference "swift-nio" */;
			productName = NIOPosix;
		};
		C5528575D9C6FE86EED2326B /* Crypto */ = {
			isa = XCSwiftPackageProductDependency;
			package = BF9727F853D1E687995FE2DF /* XCRemoteSwiftPackageReference "swift-crypto" */;
			productName = Crypto;
		};
		F91D03135F18405A1CF37870 /* NIOCore */ = {
			isa = XCSwiftPackageProductDependency;
			package = 784D32F11D3F302B09B6F872 /* XCRemoteSwiftPackageReference "swift-nio" */;
			productName = NIOCore;
		};
/* End XCSwiftPackageProductDependency section */
	};
	rootObject = 7861D909EF4118AA9060B335 /* Project object */;
}
